
Microsoft Visual Studio Solution File, Format Version 12.00
# Visual Studio Version 17
VisualStudioVersion = 17.14.36310.24 d17.14
MinimumVisualStudioVersion = 10.0.40219.1
Project("{FAE04EC0-301F-11D3-BF4B-00C04F79EFBC}") = "cadenaderesponsabilidad", "cadenaderesponsabilidad\cadenaderesponsabilidad.csproj", "{165DFE54-5256-4B4A-81BC-796E398E1E64}"
EndProject
Project("{FAE04EC0-301F-11D3-BF4B-00C04F79EFBC}") = "estado", "estado\estado.csproj", "{07C5F1C5-778E-4908-A2A3-0A0FF4A3B824}"
EndProject
Global
	GlobalSection(SolutionConfigurationPlatforms) = preSolution
		Debug|Any CPU = Debug|Any CPU
		Release|Any CPU = Release|Any CPU
	EndGlobalSection
	GlobalSection(ProjectConfigurationPlatforms) = postSolution
		{165DFE54-5256-4B4A-81BC-796E398E1E64}.Debug|Any CPU.ActiveCfg = Debug|Any CPU
		{165DFE54-5256-4B4A-81BC-796E398E1E64}.Debug|Any CPU.Build.0 = Debug|Any CPU
		{165DFE54-5256-4B4A-81BC-796E398E1E64}.Release|Any CPU.ActiveCfg = Release|Any CPU
		{165DFE54-5256-4B4A-81BC-796E398E1E64}.Release|Any CPU.Build.0 = Release|Any CPU
		{07C5F1C5-778E-4908-A2A3-0A0FF4A3B824}.Debug|Any CPU.ActiveCfg = Debug|Any CPU
		{07C5F1C5-778E-4908-A2A3-0A0FF4A3B824}.Debug|Any CPU.Build.0 = Debug|Any CPU
		{07C5F1C5-778E-4908-A2A3-0A0FF4A3B824}.Release|Any CPU.ActiveCfg = Release|Any CPU
		{07C5F1C5-778E-4908-A2A3-0A0FF4A3B824}.Release|Any CPU.Build.0 = Release|Any CPU
	EndGlobalSection
	GlobalSection(SolutionProperties) = preSolution
		HideSolutionNode = FALSE
	EndGlobalSection
	GlobalSection(ExtensibilityGlobals) = postSolution
		SolutionGuid = {0B2C70BA-C7A0-49E3-96C5-8A44F24E2854}
	EndGlobalSection
EndGlobal
